// !$*UTF8*$!
{
	archiveVersion = 1;
	classes = {
	};
	objectVersion = 46;
	objects = {

/* Begin PBXBuildFile section */
		2778A2B51DD20B2000C4C581 /* AppDelegate.swift in Sources */ = {isa = PBXBuildFile; fileRef = 2778A2B41DD20B2000C4C581 /* AppDelegate.swift */; };
		2778A2B71DD20B2000C4C581 /* ViewController.swift in Sources */ = {isa = PBXBuildFile; fileRef = 2778A2B61DD20B2000C4C581 /* ViewController.swift */; };
		2778A2BA1DD20B2000C4C581 /* Main.storyboard in Resources */ = {isa = PBXBuildFile; fileRef = 2778A2B81DD20B2000C4C581 /* Main.storyboard */; };
		2778A2BC1DD20B2000C4C581 /* Assets.xcassets in Resources */ = {isa = PBXBuildFile; fileRef = 2778A2BB1DD20B2000C4C581 /* Assets.xcassets */; };
		2778A2BF1DD20B2000C4C581 /* LaunchScreen.storyboard in Resources */ = {isa = PBXBuildFile; fileRef = 2778A2BD1DD20B2000C4C581 /* LaunchScreen.storyboard */; };
		2778A2CA1DD20B2000C4C581 /* OrderingTests.swift in Sources */ = {isa = PBXBuildFile; fileRef = 2778A2C91DD20B2000C4C581 /* OrderingTests.swift */; };
		2778A2D51DD20B2000C4C581 /* OrderingUITests.swift in Sources */ = {isa = PBXBuildFile; fileRef = 2778A2D41DD20B2000C4C581 /* OrderingUITests.swift */; };
/* End PBXBuildFile section */

/* Begin PBXContainerItemProxy section */
		2778A2C61DD20B2000C4C581 /* PBXContainerItemProxy */ = {
			isa = PBXContainerItemProxy;
			containerPortal = 2778A2A91DD20B2000C4C581 /* Project object */;
			proxyType = 1;
			remoteGlobalIDString = 2778A2B01DD20B2000C4C581;
			remoteInfo = Ordering;
		};
		2778A2D11DD20B2000C4C581 /* PBXContainerItemProxy */ = {
			isa = PBXContainerItemProxy;
			containerPortal = 2778A2A91DD20B2000C4C581 /* Project object */;
			proxyType = 1;
			remoteGlobalIDString = 2778A2B01DD20B2000C4C581;
			remoteInfo = Ordering;
		};
/* End PBXContainerItemProxy section */

/* Begin PBXFileReference section */
		2778A2B11DD20B2000C4C581 /* Ordering.app */ = {isa = PBXFileReference; explicitFileType = wrapper.application; includeInIndex = 0; path = Ordering.app; sourceTree = BUILT_PRODUCTS_DIR; };
		2778A2B41DD20B2000C4C581 /* AppDelegate.swift */ = {isa = PBXFileReference; lastKnownFileType = sourcecode.swift; path = AppDelegate.swift; sourceTree = "<group>"; };
		2778A2B61DD20B2000C4C581 /* ViewController.swift */ = {isa = PBXFileReference; lastKnownFileType = sourcecode.swift; path = ViewController.swift; sourceTree = "<group>"; };
		2778A2B91DD20B2000C4C581 /* Base */ = {isa = PBXFileReference; lastKnownFileType = file.storyboard; name = Base; path = Base.lproj/Main.storyboard; sourceTree = "<group>"; };
		2778A2BB1DD20B2000C4C581 /* Assets.xcassets */ = {isa = PBXFileReference; lastKnownFileType = folder.assetcatalog; path = Assets.xcassets; sourceTree = "<group>"; };
		2778A2BE1DD20B2000C4C581 /* Base */ = {isa = PBXFileReference; lastKnownFileType = file.storyboard; name = Base; path = Base.lproj/LaunchScreen.storyboard; sourceTree = "<group>"; };
		2778A2C01DD20B2000C4C581 /* Info.plist */ = {isa = PBXFileReference; lastKnownFileType = text.plist.xml; path = Info.plist; sourceTree = "<group>"; };
		2778A2C51DD20B2000C4C581 /* OrderingTests.xctest */ = {isa = PBXFileReference; explicitFileType = wrapper.cfbundle; includeInIndex = 0; path = OrderingTests.xctest; sourceTree = BUILT_PRODUCTS_DIR; };
		2778A2C91DD20B2000C4C581 /* OrderingTests.swift */ = {isa = PBXFileReference; lastKnownFileType = sourcecode.swift; path = OrderingTests.swift; sourceTree = "<group>"; };
		2778A2CB1DD20B2000C4C581 /* Info.plist */ = {isa = PBXFileReference; lastKnownFileType = text.plist.xml; path = Info.plist; sourceTree = "<group>"; };
		2778A2D01DD20B2000C4C581 /* OrderingUITests.xctest */ = {isa = PBXFileReference; explicitFileType = wrapper.cfbundle; includeInIndex = 0; path = OrderingUITests.xctest; sourceTree = BUILT_PRODUCTS_DIR; };
		2778A2D41DD20B2000C4C581 /* OrderingUITests.swift */ = {isa = PBXFileReference; lastKnownFileType = sourcecode.swift; path = OrderingUITests.swift; sourceTree = "<group>"; };
		2778A2D61DD20B2000C4C581 /* Info.plist */ = {isa = PBXFileReference; lastKnownFileType = text.plist.xml; path = Info.plist; sourceTree = "<group>"; };
/* End PBXFileReference section */

/* Begin PBXFrameworksBuildPhase section */
		2778A2AE1DD20B2000C4C581 /* Frameworks */ = {
			isa = PBXFrameworksBuildPhase;
			buildActionMask = 2147483647;
			files = (
			);
			runOnlyForDeploymentPostprocessing = 0;
		};
		2778A2C21DD20B2000C4C581 /* Frameworks */ = {
			isa = PBXFrameworksBuildPhase;
			buildActionMask = 2147483647;
			files = (
			);
			runOnlyForDeploymentPostprocessing = 0;
		};
		2778A2CD1DD20B2000C4C581 /* Frameworks */ = {
			isa = PBXFrameworksBuildPhase;
			buildActionMask = 2147483647;
			files = (
			);
			runOnlyForDeploymentPostprocessing = 0;
		};
/* End PBXFrameworksBuildPhase section */

/* Begin PBXGroup section */
		2778A2A81DD20B2000C4C581 = {
			isa = PBXGroup;
			children = (
				2778A2B31DD20B2000C4C581 /* Ordering */,
				2778A2C81DD20B2000C4C581 /* OrderingTests */,
				2778A2D31DD20B2000C4C581 /* OrderingUITests */,
				2778A2B21DD20B2000C4C581 /* Products */,
			);
			sourceTree = "<group>";
		};
		2778A2B21DD20B2000C4C581 /* Products */ = {
			isa = PBXGroup;
			children = (
				2778A2B11DD20B2000C4C581 /* Ordering.app */,
				2778A2C51DD20B2000C4C581 /* OrderingTests.xctest */,
				2778A2D01DD20B2000C4C581 /* OrderingUITests.xctest */,
			);
			name = Products;
			sourceTree = "<group>";
		};
		2778A2B31DD20B2000C4C581 /* Ordering */ = {
			isa = PBXGroup;
			children = (
				2778A2B41DD20B2000C4C581 /* AppDelegate.swift */,
				2778A2B61DD20B2000C4C581 /* ViewController.swift */,
				2778A2B81DD20B2000C4C581 /* Main.storyboard */,
				2778A2BB1DD20B2000C4C581 /* Assets.xcassets */,
				2778A2BD1DD20B2000C4C581 /* LaunchScreen.storyboard */,
				2778A2C01DD20B2000C4C581 /* Info.plist */,
			);
			path = Ordering;
			sourceTree = "<group>";
		};
		2778A2C81DD20B2000C4C581 /* OrderingTests */ = {
			isa = PBXGroup;
			children = (
				2778A2C91DD20B2000C4C581 /* OrderingTests.swift */,
				2778A2CB1DD20B2000C4C581 /* Info.plist */,
			);
			path = OrderingTests;
			sourceTree = "<group>";
		};
		2778A2D31DD20B2000C4C581 /* OrderingUITests */ = {
			isa = PBXGroup;
			children = (
				2778A2D41DD20B2000C4C581 /* OrderingUITests.swift */,
				2778A2D61DD20B2000C4C581 /* Info.plist */,
			);
			path = OrderingUITests;
			sourceTree = "<group>";
		};
/* End PBXGroup section */

/* Begin PBXNativeTarget section */
		2778A2B01DD20B2000C4C581 /* Ordering */ = {
			isa = PBXNativeTarget;
			buildConfigurationList = 2778A2D91DD20B2000C4C581 /* Build configuration list for PBXNativeTarget "Ordering" */;
			buildPhases = (
				2778A2AD1DD20B2000C4C581 /* Sources */,
				2778A2AE1DD20B2000C4C581 /* Frameworks */,
				2778A2AF1DD20B2000C4C581 /* Resources */,
			);
			buildRules = (
			);
			dependencies = (
			);
			name = Ordering;
			productName = Ordering;
			productReference = 2778A2B11DD20B2000C4C581 /* Ordering.app */;
			productType = "com.apple.product-type.application";
		};
		2778A2C41DD20B2000C4C581 /* OrderingTests */ = {
			isa = PBXNativeTarget;
			buildConfigurationList = 2778A2DC1DD20B2000C4C581 /* Build configuration list for PBXNativeTarget "OrderingTests" */;
			buildPhases = (
				2778A2C11DD20B2000C4C581 /* Sources */,
				2778A2C21DD20B2000C4C581 /* Frameworks */,
				2778A2C31DD20B2000C4C581 /* Resources */,
			);
			buildRules = (
			);
			dependencies = (
				2778A2C71DD20B2000C4C581 /* PBXTargetDependency */,
			);
			name = OrderingTests;
			productName = OrderingTests;
			productReference = 2778A2C51DD20B2000C4C581 /* OrderingTests.xctest */;
			productType = "com.apple.product-type.bundle.unit-test";
		};
		2778A2CF1DD20B2000C4C581 /* OrderingUITests */ = {
			isa = PBXNativeTarget;
			buildConfigurationList = 2778A2DF1DD20B2000C4C581 /* Build configuration list for PBXNativeTarget "OrderingUITests" */;
			buildPhases = (
				2778A2CC1DD20B2000C4C581 /* Sources */,
				2778A2CD1DD20B2000C4C581 /* Frameworks */,
				2778A2CE1DD20B2000C4C581 /* Resources */,
			);
			buildRules = (
			);
			dependencies = (
				2778A2D21DD20B2000C4C581 /* PBXTargetDependency */,
			);
			name = OrderingUITests;
			productName = OrderingUITests;
			productReference = 2778A2D01DD20B2000C4C581 /* OrderingUITests.xctest */;
			productType = "com.apple.product-type.bundle.ui-testing";
		};
/* End PBXNativeTarget section */

/* Begin PBXProject section */
		2778A2A91DD20B2000C4C581 /* Project object */ = {
			isa = PBXProject;
			attributes = {
				LastSwiftUpdateCheck = 0730;
				LastUpgradeCheck = 0730;
				ORGANIZATIONNAME = "Bon Appetite";
				TargetAttributes = {
					2778A2B01DD20B2000C4C581 = {
						CreatedOnToolsVersion = 7.3.1;
					};
					2778A2C41DD20B2000C4C581 = {
						CreatedOnToolsVersion = 7.3.1;
						TestTargetID = 2778A2B01DD20B2000C4C581;
					};
					2778A2CF1DD20B2000C4C581 = {
						CreatedOnToolsVersion = 7.3.1;
						TestTargetID = 2778A2B01DD20B2000C4C581;
					};
				};
			};
			buildConfigurationList = 2778A2AC1DD20B2000C4C581 /* Build configuration list for PBXProject "Ordering" */;
			compatibilityVersion = "Xcode 3.2";
			developmentRegion = English;
			hasScannedForEncodings = 0;
			knownRegions = (
				en,
				Base,
			);
			mainGroup = 2778A2A81DD20B2000C4C581;
			productRefGroup = 2778A2B21DD20B2000C4C581 /* Products */;
			projectDirPath = "";
			projectRoot = "";
			targets = (
				2778A2B01DD20B2000C4C581 /* Ordering */,
				2778A2C41DD20B2000C4C581 /* OrderingTests */,
				2778A2CF1DD20B2000C4C581 /* OrderingUITests */,
			);
		};
/* End PBXProject section */

/* Begin PBXResourcesBuildPhase section */
		2778A2AF1DD20B2000C4C581 /* Resources */ = {
			isa = PBXResourcesBuildPhase;
			buildActionMask = 2147483647;
			files = (
				2778A2BF1DD20B2000C4C581 /* LaunchScreen.storyboard in Resources */,
				2778A2BC1DD20B2000C4C581 /* Assets.xcassets in Resources */,
				2778A2BA1DD20B2000C4C581 /* Main.storyboard in Resources */,
			);
			runOnlyForDeploymentPostprocessing = 0;
		};
		2778A2C31DD20B2000C4C581 /* Resources */ = {
			isa = PBXResourcesBuildPhase;
			buildActionMask = 2147483647;
			files = (
			);
			runOnlyForDeploymentPostprocessing = 0;
		};
		2778A2CE1DD20B2000C4C581 /* Resources */ = {
			isa = PBXResourcesBuildPhase;
			buildActionMask = 2147483647;
			files = (
			);
			runOnlyForDeploymentPostprocessing = 0;
		};
/* End PBXResourcesBuildPhase section */

/* Begin PBXSourcesBuildPhase section */
		2778A2AD1DD20B2000C4C581 /* Sources */ = {
			isa = PBXSourcesBuildPhase;
			buildActionMask = 2147483647;
			files = (
				2778A2B71DD20B2000C4C581 /* ViewController.swift in Sources */,
				2778A2B51DD20B2000C4C581 /* AppDelegate.swift in Sources */,
			);
			runOnlyForDeploymentPostprocessing = 0;
		};
		2778A2C11DD20B2000C4C581 /* Sources */ = {
			isa = PBXSourcesBuildPhase;
			buildActionMask = 2147483647;
			files = (
				2778A2CA1DD20B2000C4C581 /* OrderingTests.swift in Sources */,
			);
			runOnlyForDeploymentPostprocessing = 0;
		};
		2778A2CC1DD20B2000C4C581 /* Sources */ = {
			isa = PBXSourcesBuildPhase;
			buildActionMask = 2147483647;
			files = (
				2778A2D51DD20B2000C4C581 /* OrderingUITests.swift in Sources */,
			);
			runOnlyForDeploymentPostprocessing = 0;
		};
/* End PBXSourcesBuildPhase section */

/* Begin PBXTargetDependency section */
		2778A2C71DD20B2000C4C581 /* PBXTargetDependency */ = {
			isa = PBXTargetDependency;
			target = 2778A2B01DD20B2000C4C581 /* Ordering */;
			targetProxy = 2778A2C61DD20B2000C4C581 /* PBXContainerItemProxy */;
		};
		2778A2D21DD20B2000C4C581 /* PBXTargetDependency */ = {
			isa = PBXTargetDependency;
			target = 2778A2B01DD20B2000C4C581 /* Ordering */;
			targetProxy = 2778A2D11DD20B2000C4C581 /* PBXContainerItemProxy */;
		};
/* End PBXTargetDependency section */

/* Begin PBXVariantGroup section */
		2778A2B81DD20B2000C4C581 /* Main.storyboard */ = {
			isa = PBXVariantGroup;
			children = (
				2778A2B91DD20B2000C4C581 /* Base */,
			);
			name = Main.storyboard;
			sourceTree = "<group>";
		};
		2778A2BD1DD20B2000C4C581 /* LaunchScreen.storyboard */ = {
			isa = PBXVariantGroup;
			children = (
				2778A2BE1DD20B2000C4C581 /* Base */,
			);
			name = LaunchScreen.storyboard;
			sourceTree = "<group>";
		};
/* End PBXVariantGroup section */

/* Begin XCBuildConfiguration section */
		2778A2D71DD20B2000C4C581 /* Debug */ = {
			isa = XCBuildConfiguration;
			buildSettings = {
				ALWAYS_SEARCH_USER_PATHS = NO;
				CLANG_ANALYZER_NONNULL = YES;
				CLANG_CXX_LANGUAGE_STANDARD = "gnu++0x";
				CLANG_CXX_LIBRARY = "libc++";
				CLANG_ENABLE_MODULES = YES;
				CLANG_ENABLE_OBJC_ARC = YES;
				CLANG_WARN_BOOL_CONVERSION = YES;
				CLANG_WARN_CONSTANT_CONVERSION = YES;
				CLANG_WARN_DIRECT_OBJC_ISA_USAGE = YES_ERROR;
				CLANG_WARN_EMPTY_BODY = YES;
				CLANG_WARN_ENUM_CONVERSION = YES;
				CLANG_WARN_INT_CONVERSION = YES;
				CLANG_WARN_OBJC_ROOT_CLASS = YES_ERROR;
				CLANG_WARN_UNREACHABLE_CODE = YES;
				CLANG_WARN__DUPLICATE_METHOD_MATCH = YES;
				"CODE_SIGN_IDENTITY[sdk=iphoneos*]" = "iPhone Developer";
				COPY_PHASE_STRIP = NO;
				DEBUG_INFORMATION_FORMAT = dwarf;
				ENABLE_STRICT_OBJC_MSGSEND = YES;
				ENABLE_TESTABILITY = YES;
				GCC_C_LANGUAGE_STANDARD = gnu99;
				GCC_DYNAMIC_NO_PIC = NO;
				GCC_NO_COMMON_BLOCKS = YES;
				GCC_OPTIMIZATION_LEVEL = 0;
				GCC_PREPROCESSOR_DEFINITIONS = (
					"DEBUG=1",
					"$(inherited)",
				);
				GCC_WARN_64_TO_32_BIT_CONVERSION = YES;
				GCC_WARN_ABOUT_RETURN_TYPE = YES_ERROR;
				GCC_WARN_UNDECLARED_SELECTOR = YES;
				GCC_WARN_UNINITIALIZED_AUTOS = YES_AGGRESSIVE;
				GCC_WARN_UNUSED_FUNCTION = YES;
				GCC_WARN_UNUSED_VARIABLE = YES;
				IPHONEOS_DEPLOYMENT_TARGET = 9.3;
				MTL_ENABLE_DEBUG_INFO = YES;
				ONLY_ACTIVE_ARCH = YES;
				SDKROOT = iphoneos;
				SWIFT_OPTIMIZATION_LEVEL = "-Onone";
			};
			name = Debug;
		};
		2778A2D81DD20B2000C4C581 /* Release */ = {
			isa = XCBuildConfiguration;
			buildSettings = {
				ALWAYS_SEARCH_USER_PATHS = NO;
				CLANG_ANALYZER_NONNULL = YES;
				CLANG_CXX_LANGUAGE_STANDARD = "gnu++0x";
				CLANG_CXX_LIBRARY = "libc++";
				CLANG_ENABLE_MODULES = YES;
				CLANG_ENABLE_OBJC_ARC = YES;
				CLANG_WARN_BOOL_CONVERSION = YES;
				CLANG_WARN_CONSTANT_CONVERSION = YES;
				CLANG_WARN_DIRECT_OBJC_ISA_USAGE = YES_ERROR;
				CLANG_WARN_EMPTY_BODY = YES;
				CLANG_WARN_ENUM_CONVERSION = YES;
				CLANG_WARN_INT_CONVERSION = YES;
				CLANG_WARN_OBJC_ROOT_CLASS = YES_ERROR;
				CLANG_WARN_UNREACHABLE_CODE = YES;
				CLANG_WARN__DUPLICATE_METHOD_MATCH = YES;
				"CODE_SIGN_IDENTITY[sdk=iphoneos*]" = "iPhone Developer";
				COPY_PHASE_STRIP = NO;
				DEBUG_INFORMATION_FORMAT = "dwarf-with-dsym";
				ENABLE_NS_ASSERTIONS = NO;
				ENABLE_STRICT_OBJC_MSGSEND = YES;
				GCC_C_LANGUAGE_STANDARD = gnu99;
				GCC_NO_COMMON_BLOCKS = YES;
				GCC_WARN_64_TO_32_BIT_CONVERSION = YES;
				GCC_WARN_ABOUT_RETURN_TYPE = YES_ERROR;
				GCC_WARN_UNDECLARED_SELECTOR = YES;
				GCC_WARN_UNINITIALIZED_AUTOS = YES_AGGRESSIVE;
				GCC_WARN_UNUSED_FUNCTION = YES;
				GCC_WARN_UNUSED_VARIABLE = YES;
				IPHONEOS_DEPLOYMENT_TARGET = 9.3;
				MTL_ENABLE_DEBUG_INFO = NO;
				SDKROOT = iphoneos;
				VALIDATE_PRODUCT = YES;
			};
			name = Release;
		};
		2778A2DA1DD20B2000C4C581 /* Debug */ = {
			isa = XCBuildConfiguration;
			buildSettings = {
				ASSETCATALOG_COMPILER_APPICON_NAME = AppIcon;
				INFOPLIST_FILE = Ordering/Info.plist;
				LD_RUNPATH_SEARCH_PATHS = "$(inherited) @executable_path/Frameworks";
				PRODUCT_BUNDLE_IDENTIFIER = BA.Ordering;
				PRODUCT_NAME = "$(TARGET_NAME)";
			};
			name = Debug;
		};
		2778A2DB1DD20B2000C4C581 /* Release */ = {
			isa = XCBuildConfiguration;
			buildSettings = {
				ASSETCATALOG_COMPILER_APPICON_NAME = AppIcon;
				INFOPLIST_FILE = Ordering/Info.plist;
				LD_RUNPATH_SEARCH_PATHS = "$(inherited) @executable_path/Frameworks";
				PRODUCT_BUNDLE_IDENTIFIER = BA.Ordering;
				PRODUCT_NAME = "$(TARGET_NAME)";
			};
			name = Release;
		};
		2778A2DD1DD20B2000C4C581 /* Debug */ = {
			isa = XCBuildConfiguration;
			buildSettings = {
				BUNDLE_LOADER = "$(TEST_HOST)";
				INFOPLIST_FILE = OrderingTests/Info.plist;
				LD_RUNPATH_SEARCH_PATHS = "$(inherited) @executable_path/Frameworks @loader_path/Frameworks";
				PRODUCT_BUNDLE_IDENTIFIER = BA.OrderingTests;
				PRODUCT_NAME = "$(TARGET_NAME)";
				TEST_HOST = "$(BUILT_PRODUCTS_DIR)/Ordering.app/Ordering";
			};
			name = Debug;
		};
		2778A2DE1DD20B2000C4C581 /* Release */ = {
			isa = XCBuildConfiguration;
			buildSettings = {
				BUNDLE_LOADER = "$(TEST_HOST)";
				INFOPLIST_FILE = OrderingTests/Info.plist;
				LD_RUNPATH_SEARCH_PATHS = "$(inherited) @executable_path/Frameworks @loader_path/Frameworks";
				PRODUCT_BUNDLE_IDENTIFIER = BA.OrderingTests;
				PRODUCT_NAME = "$(TARGET_NAME)";
				TEST_HOST = "$(BUILT_PRODUCTS_DIR)/Ordering.app/Ordering";
			};
			name = Release;
		};
		2778A2E01DD20B2000C4C581 /* Debug */ = {
			isa = XCBuildConfiguration;
			buildSettings = {
				INFOPLIST_FILE = OrderingUITests/Info.plist;
				LD_RUNPATH_SEARCH_PATHS = "$(inherited) @executable_path/Frameworks @loader_path/Frameworks";
				PRODUCT_BUNDLE_IDENTIFIER = BA.OrderingUITests;
				PRODUCT_NAME = "$(TARGET_NAME)";
				TEST_TARGET_NAME = Ordering;
			};
			name = Debug;
		};
		2778A2E11DD20B2000C4C581 /* Release */ = {
			isa = XCBuildConfiguration;
			buildSettings = {
				INFOPLIST_FILE = OrderingUITests/Info.plist;
				LD_RUNPATH_SEARCH_PATHS = "$(inherited) @executable_path/Frameworks @loader_path/Frameworks";
				PRODUCT_BUNDLE_IDENTIFIER = BA.OrderingUITests;
				PRODUCT_NAME = "$(TARGET_NAME)";
				TEST_TARGET_NAME = Ordering;
			};
			name = Release;
		};
/* End XCBuildConfiguration section */

/* Begin XCConfigurationList section */
		2778A2AC1DD20B2000C4C581 /* Build configuration list for PBXProject "Ordering" */ = {
			isa = XCConfigurationList;
			buildConfigurations = (
				2778A2D71DD20B2000C4C581 /* Debug */,
				2778A2D81DD20B2000C4C581 /* Release */,
			);
			defaultConfigurationIsVisible = 0;
			defaultConfigurationName = Release;
		};
		2778A2D91DD20B2000C4C581 /* Build configuration list for PBXNativeTarget "Ordering" */ = {
			isa = XCConfigurationList;
			buildConfigurations = (
				2778A2DA1DD20B2000C4C581 /* Debug */,
				2778A2DB1DD20B2000C4C581 /* Release */,
			);
			defaultConfigurationIsVisible = 0;
		};
		2778A2DC1DD20B2000C4C581 /* Build configuration list for PBXNativeTarget "OrderingTests" */ = {
			isa = XCConfigurationList;
			buildConfigurations = (
				2778A2DD1DD20B2000C4C581 /* Debug */,
				2778A2DE1DD20B2000C4C581 /* Release */,
			);
			defaultConfigurationIsVisible = 0;
		};
		2778A2DF1DD20B2000C4C581 /* Build configuration list for PBXNativeTarget "OrderingUITests" */ = {
			isa = XCConfigurationList;
			buildConfigurations = (
				2778A2E01DD20B2000C4C581 /* Debug */,
				2778A2E11DD20B2000C4C581 /* Release */,
			);
			defaultConfigurationIsVisible = 0;
		};
/* End XCConfigurationList section */
	};
	rootObject = 2778A2A91DD20B2000C4C581 /* Project object */;
}
